
Microsoft Visual Studio Solution File, Format Version 12.00
# Visual Studio Version 16
VisualStudioVersion = 16.0.30320.27
MinimumVisualStudioVersion = 10.0.40219.1
Project("{FAE04EC0-301F-11D3-BF4B-00C04F79EFBC}") = "WebGitTest", "WebGitTest\WebGitTest.csproj", "{9D58B9D5-A33B-4C98-A0A7-8569EBE23CBE}"
EndProject
Global
	GlobalSection(SolutionConfigurationPlatforms) = preSolution
		Debug|Any CPU = Debug|Any CPU
		Release|Any CPU = Release|Any CPU
	EndGlobalSection
	GlobalSection(ProjectConfigurationPlatforms) = postSolution
		{9D58B9D5-A33B-4C98-A0A7-8569EBE23CBE}.Debug|Any CPU.ActiveCfg = Debug|Any CPU
		{9D58B9D5-A33B-4C98-A0A7-8569EBE23CBE}.Debug|Any CPU.Build.0 = Debug|Any CPU
		{9D58B9D5-A33B-4C98-A0A7-8569EBE23CBE}.Release|Any CPU.ActiveCfg = Release|Any CPU
		{9D58B9D5-A33B-4C98-A0A7-8569EBE23CBE}.Release|Any CPU.Build.0 = Release|Any CPU
	EndGlobalSection
	GlobalSection(SolutionProperties) = preSolution
		HideSolutionNode = FALSE
	EndGlobalSection
	GlobalSection(ExtensibilityGlobals) = postSolution
		SolutionGuid = {F1E49080-76D2-4C6B-9BEE-A2B19794D629}
	EndGlobalSection
EndGlobal
